<?xml version="1.0" encoding="utf-8"?>
<Project ToolsVersion="4.0" xmlns="http://schemas.microsoft.com/developer/msbuild/2003">
  <ItemGroup>
    <Filter Include="资源文件">
      <UniqueIdentifier>{67DA6AB6-F800-4c08-8B7A-83BB121AAD01}</UniqueIdentifier>
      <Extensions>rc;ico;cur;bmp;dlg;rc2;rct;bin;rgs;gif;jpg;jpeg;jpe;resx;tiff;tif;png;wav;mfcribbon-ms</Extensions>
    </Filter>
    <Filter Include="src">
      <UniqueIdentifier>{c3a3cb7c-2666-4819-a2bd-58c526ecc8d9}</UniqueIdentifier>
    </Filter>
    <Filter Include="src\core">
      <UniqueIdentifier>{6df23b6a-c389-42c9-a600-6d3b688f6024}</UniqueIdentifier>
    </Filter>
    <Filter Include="include">
      <UniqueIdentifier>{6a21ea66-9f5d-4e81-b276-83f4d299b27e}</UniqueIdentifier>
    </Filter>
    <Filter Include="include\core">
      <UniqueIdentifier>{eb73845c-e8ce-4d23-9a99-190f2b16ec95}</UniqueIdentifier>
    </Filter>
    <Filter Include="include\dependency">
      <UniqueIdentifier>{4814d9f1-2cad-4ed0-85c9-99699f128b7b}</UniqueIdentifier>
    </Filter>
  </ItemGroup>
  <ItemGroup>
    <ClInclude Include="include\core\common.h">
      <Filter>include\core</Filter>
    </ClInclude>
    <ClInclude Include="include\dependency\d3dx12.h">
      <Filter>include\dependency</Filter>
    </ClInclude>
    <ClInclude Include="include\core\d3d_manager_class.h">
      <Filter>include\core</Filter>
    </ClInclude>
    <ClInclude Include="include\core\dx_exception_class.h">
      <Filter>include\core</Filter>
    </ClInclude>
    <ClInclude Include="include\core\game_timer_class.h">
      <Filter>include\core</Filter>
    </ClInclude>
    <ClInclude Include="include\core\window_manager_class.h">
      <Filter>include\core</Filter>
    </ClInclude>
    <ClInclude Include="include\core\upload_buffer_class.h">
      <Filter>include\core</Filter>
    </ClInclude>
  </ItemGroup>
  <ItemGroup>
    <ClCompile Include="src\main.cpp">
      <Filter>src</Filter>
    </ClCompile>
    <ClCompile Include="src\core\dx_exception_class.cpp">
      <Filter>src\core</Filter>
    </ClCompile>
    <ClCompile Include="src\core\game_timer_class.cpp">
      <Filter>src\core</Filter>
    </ClCompile>
    <ClCompile Include="src\core\window_manager_class.cpp">
      <Filter>src\core</Filter>
    </ClCompile>
    <ClCompile Include="src\core\d3d_manager_class.cpp">
      <Filter>src\core</Filter>
    </ClCompile>
    <ClCompile Include="src\core\upload_buffer_class.cpp">
      <Filter>src\core</Filter>
    </ClCompile>
  </ItemGroup>
</Project>